
Microsoft Visual Studio Solution File, Format Version 12.00
# Visual Studio 15
VisualStudioVersion = 15.0.28307.1145
MinimumVisualStudioVersion = 10.0.40219.1
Project("{FAE04EC0-301F-11D3-BF4B-00C04F79EFBC}") = "ALM", "ALM\ALM.csproj", "{8CAE1DA0-B838-46BD-A65D-1F523EC0CFE8}"
EndProject
Project("{FAE04EC0-301F-11D3-BF4B-00C04F79EFBC}") = "BAL", "BAL\BAL.csproj", "{1ECFDF02-9A06-4EDC-A606-A262762A0BA2}"
EndProject
Project("{FAE04EC0-301F-11D3-BF4B-00C04F79EFBC}") = "CAF", "CAF\CAF.csproj", "{0FBFE3DB-E914-4301-B721-EB35590AD7A1}"
EndProject
Project("{FAE04EC0-301F-11D3-BF4B-00C04F79EFBC}") = "CDL", "CDL\CDL.csproj", "{284F477A-102E-447A-87C8-1B82EDDBCA8C}"
EndProject
Project("{FAE04EC0-301F-11D3-BF4B-00C04F79EFBC}") = "CMC", "CMC\CMC.csproj", "{48062D48-D3E1-4205-ACA6-8D9F824E22D8}"
EndProject
Project("{FAE04EC0-301F-11D3-BF4B-00C04F79EFBC}") = "DAF", "DAF\DAF.csproj", "{89B78FE1-5340-4F71-9035-221B3DF048E6}"
EndProject
Project("{FAE04EC0-301F-11D3-BF4B-00C04F79EFBC}") = "DEF", "DEF\DEF.csproj", "{7C20C0A2-1746-4FEE-B028-6BC6232A7270}"
EndProject
Project("{FAE04EC0-301F-11D3-BF4B-00C04F79EFBC}") = "DSI", "DSI\DSI.csproj", "{87CD8845-F6F5-4C8D-82DE-889D26030D82}"
EndProject
Project("{FAE04EC0-301F-11D3-BF4B-00C04F79EFBC}") = "PBF", "PBF\PBF.csproj", "{134E2216-CDDA-4220-A915-A8885DC9ECA8}"
EndProject
Global
	GlobalSection(SolutionConfigurationPlatforms) = preSolution
		Debug|Any CPU = Debug|Any CPU
		Release|Any CPU = Release|Any CPU
	EndGlobalSection
	GlobalSection(ProjectConfigurationPlatforms) = postSolution
		{8CAE1DA0-B838-46BD-A65D-1F523EC0CFE8}.Debug|Any CPU.ActiveCfg = Debug|Any CPU
		{8CAE1DA0-B838-46BD-A65D-1F523EC0CFE8}.Debug|Any CPU.Build.0 = Debug|Any CPU
		{8CAE1DA0-B838-46BD-A65D-1F523EC0CFE8}.Release|Any CPU.ActiveCfg = Release|Any CPU
		{8CAE1DA0-B838-46BD-A65D-1F523EC0CFE8}.Release|Any CPU.Build.0 = Release|Any CPU
		{1ECFDF02-9A06-4EDC-A606-A262762A0BA2}.Debug|Any CPU.ActiveCfg = Debug|Any CPU
		{1ECFDF02-9A06-4EDC-A606-A262762A0BA2}.Debug|Any CPU.Build.0 = Debug|Any CPU
		{1ECFDF02-9A06-4EDC-A606-A262762A0BA2}.Release|Any CPU.ActiveCfg = Release|Any CPU
		{1ECFDF02-9A06-4EDC-A606-A262762A0BA2}.Release|Any CPU.Build.0 = Release|Any CPU
		{0FBFE3DB-E914-4301-B721-EB35590AD7A1}.Debug|Any CPU.ActiveCfg = Debug|Any CPU
		{0FBFE3DB-E914-4301-B721-EB35590AD7A1}.Debug|Any CPU.Build.0 = Debug|Any CPU
		{0FBFE3DB-E914-4301-B721-EB35590AD7A1}.Release|Any CPU.ActiveCfg = Release|Any CPU
		{0FBFE3DB-E914-4301-B721-EB35590AD7A1}.Release|Any CPU.Build.0 = Release|Any CPU
		{284F477A-102E-447A-87C8-1B82EDDBCA8C}.Debug|Any CPU.ActiveCfg = Debug|Any CPU
		{284F477A-102E-447A-87C8-1B82EDDBCA8C}.Debug|Any CPU.Build.0 = Debug|Any CPU
		{284F477A-102E-447A-87C8-1B82EDDBCA8C}.Release|Any CPU.ActiveCfg = Release|Any CPU
		{284F477A-102E-447A-87C8-1B82EDDBCA8C}.Release|Any CPU.Build.0 = Release|Any CPU
		{48062D48-D3E1-4205-ACA6-8D9F824E22D8}.Debug|Any CPU.ActiveCfg = Debug|Any CPU
		{48062D48-D3E1-4205-ACA6-8D9F824E22D8}.Debug|Any CPU.Build.0 = Debug|Any CPU
		{48062D48-D3E1-4205-ACA6-8D9F824E22D8}.Release|Any CPU.ActiveCfg = Release|Any CPU
		{48062D48-D3E1-4205-ACA6-8D9F824E22D8}.Release|Any CPU.Build.0 = Release|Any CPU
		{89B78FE1-5340-4F71-9035-221B3DF048E6}.Debug|Any CPU.ActiveCfg = Debug|Any CPU
		{89B78FE1-5340-4F71-9035-221B3DF048E6}.Debug|Any CPU.Build.0 = Debug|Any CPU
		{89B78FE1-5340-4F71-9035-221B3DF048E6}.Release|Any CPU.ActiveCfg = Release|Any CPU
		{89B78FE1-5340-4F71-9035-221B3DF048E6}.Release|Any CPU.Build.0 = Release|Any CPU
		{7C20C0A2-1746-4FEE-B028-6BC6232A7270}.Debug|Any CPU.ActiveCfg = Debug|Any CPU
		{7C20C0A2-1746-4FEE-B028-6BC6232A7270}.Debug|Any CPU.Build.0 = Debug|Any CPU
		{7C20C0A2-1746-4FEE-B028-6BC6232A7270}.Release|Any CPU.ActiveCfg = Release|Any CPU
		{7C20C0A2-1746-4FEE-B028-6BC6232A7270}.Release|Any CPU.Build.0 = Release|Any CPU
		{87CD8845-F6F5-4C8D-82DE-889D26030D82}.Debug|Any CPU.ActiveCfg = Debug|Any CPU
		{87CD8845-F6F5-4C8D-82DE-889D26030D82}.Debug|Any CPU.Build.0 = Debug|Any CPU
		{87CD8845-F6F5-4C8D-82DE-889D26030D82}.Release|Any CPU.ActiveCfg = Release|Any CPU
		{87CD8845-F6F5-4C8D-82DE-889D26030D82}.Release|Any CPU.Build.0 = Release|Any CPU
		{134E2216-CDDA-4220-A915-A8885DC9ECA8}.Debug|Any CPU.ActiveCfg = Debug|Any CPU
		{134E2216-CDDA-4220-A915-A8885DC9ECA8}.Debug|Any CPU.Build.0 = Debug|Any CPU
		{134E2216-CDDA-4220-A915-A8885DC9ECA8}.Release|Any CPU.ActiveCfg = Release|Any CPU
		{134E2216-CDDA-4220-A915-A8885DC9ECA8}.Release|Any CPU.Build.0 = Release|Any CPU
	EndGlobalSection
	GlobalSection(SolutionProperties) = preSolution
		HideSolutionNode = FALSE
	EndGlobalSection
	GlobalSection(ExtensibilityGlobals) = postSolution
		SolutionGuid = {4EFF3D99-568E-4DA9-9921-11C862EC0CDA}
	EndGlobalSection
EndGlobal
